
Microsoft Visual Studio Solution File, Format Version 12.00
# Visual Studio Version 17
VisualStudioVersion = 17.0.31423.177
MinimumVisualStudioVersion = 10.0.40219.1
Project("{FAE04EC0-301F-11D3-BF4B-00C04F79EFBC}") = "WebApplication21.Server", "WebApplication21\Server\WebApplication21.Server.csproj", "{D58F7B88-E446-4689-9879-159BC9C09222}"
EndProject
Project("{FAE04EC0-301F-11D3-BF4B-00C04F79EFBC}") = "WebApplication21.Client", "WebApplication21\Client\WebApplication21.Client.csproj", "{AFFC9A40-95C1-45C1-98A7-0A9481C469F4}"
EndProject
Project("{FAE04EC0-301F-11D3-BF4B-00C04F79EFBC}") = "WebApplication21.Shared", "WebApplication21\Shared\WebApplication21.Shared.csproj", "{032C556E-03CA-4A69-9AE9-05CD32961369}"
EndProject
Global
	GlobalSection(SolutionConfigurationPlatforms) = preSolution
		Debug|Any CPU = Debug|Any CPU
		Release|Any CPU = Release|Any CPU
	EndGlobalSection
	GlobalSection(ProjectConfigurationPlatforms) = postSolution
		{D58F7B88-E446-4689-9879-159BC9C09222}.Debug|Any CPU.ActiveCfg = Debug|Any CPU
		{D58F7B88-E446-4689-9879-159BC9C09222}.Debug|Any CPU.Build.0 = Debug|Any CPU
		{D58F7B88-E446-4689-9879-159BC9C09222}.Release|Any CPU.ActiveCfg = Release|Any CPU
		{D58F7B88-E446-4689-9879-159BC9C09222}.Release|Any CPU.Build.0 = Release|Any CPU
		{AFFC9A40-95C1-45C1-98A7-0A9481C469F4}.Debug|Any CPU.ActiveCfg = Debug|Any CPU
		{AFFC9A40-95C1-45C1-98A7-0A9481C469F4}.Debug|Any CPU.Build.0 = Debug|Any CPU
		{AFFC9A40-95C1-45C1-98A7-0A9481C469F4}.Release|Any CPU.ActiveCfg = Release|Any CPU
		{AFFC9A40-95C1-45C1-98A7-0A9481C469F4}.Release|Any CPU.Build.0 = Release|Any CPU
		{032C556E-03CA-4A69-9AE9-05CD32961369}.Debug|Any CPU.ActiveCfg = Debug|Any CPU
		{032C556E-03CA-4A69-9AE9-05CD32961369}.Debug|Any CPU.Build.0 = Debug|Any CPU
		{032C556E-03CA-4A69-9AE9-05CD32961369}.Release|Any CPU.ActiveCfg = Release|Any CPU
		{032C556E-03CA-4A69-9AE9-05CD32961369}.Release|Any CPU.Build.0 = Release|Any CPU
	EndGlobalSection
	GlobalSection(SolutionProperties) = preSolution
		HideSolutionNode = FALSE
	EndGlobalSection
	GlobalSection(ExtensibilityGlobals) = postSolution
		SolutionGuid = {8359F5FE-2596-47E4-B8CD-01CD172A7E38}
	EndGlobalSection
EndGlobal
